
Microsoft Visual Studio Solution File, Format Version 12.00
# Visual Studio Version 17
VisualStudioVersion = 17.0.31903.59
MinimumVisualStudioVersion = 10.0.40219.1
Project("{FAE04EC0-301F-11D3-BF4B-00C04F79EFBC}") = "AssembliesAndNamespaces", "AssembliesAndNamespaces\AssembliesAndNamespaces.csproj", "{996D9F5F-2D0F-48D2-AC7B-F808F52DF4E6}"
EndProject
Project("{FAE04EC0-301F-11D3-BF4B-00C04F79EFBC}") = "SharedLibrary", "SharedLibrary\SharedLibrary.csproj", "{EF6109B7-08F5-45BB-BE99-C5D94CA2F357}"
EndProject
Project("{FAE04EC0-301F-11D3-BF4B-00C04F79EFBC}") = "DotNetEverywhere", "DotNetEverywhere\DotNetEverywhere.csproj", "{BDCC30CC-1788-425C-AA0E-0FDCC5BAD508}"
EndProject
Project("{FAE04EC0-301F-11D3-BF4B-00C04F79EFBC}") = "AotConsole", "AotConsole\AotConsole.csproj", "{ED6F148C-938D-4C5F-B1AF-3D13123D0BFA}"
EndProject
Global
	GlobalSection(SolutionConfigurationPlatforms) = preSolution
		Debug|Any CPU = Debug|Any CPU
		Debug|x64 = Debug|x64
		Debug|x86 = Debug|x86
		Release|Any CPU = Release|Any CPU
		Release|x64 = Release|x64
		Release|x86 = Release|x86
	EndGlobalSection
	GlobalSection(ProjectConfigurationPlatforms) = postSolution
		{996D9F5F-2D0F-48D2-AC7B-F808F52DF4E6}.Debug|Any CPU.ActiveCfg = Debug|Any CPU
		{996D9F5F-2D0F-48D2-AC7B-F808F52DF4E6}.Debug|Any CPU.Build.0 = Debug|Any CPU
		{996D9F5F-2D0F-48D2-AC7B-F808F52DF4E6}.Debug|x64.ActiveCfg = Debug|Any CPU
		{996D9F5F-2D0F-48D2-AC7B-F808F52DF4E6}.Debug|x64.Build.0 = Debug|Any CPU
		{996D9F5F-2D0F-48D2-AC7B-F808F52DF4E6}.Debug|x86.ActiveCfg = Debug|Any CPU
		{996D9F5F-2D0F-48D2-AC7B-F808F52DF4E6}.Debug|x86.Build.0 = Debug|Any CPU
		{996D9F5F-2D0F-48D2-AC7B-F808F52DF4E6}.Release|Any CPU.ActiveCfg = Release|Any CPU
		{996D9F5F-2D0F-48D2-AC7B-F808F52DF4E6}.Release|Any CPU.Build.0 = Release|Any CPU
		{996D9F5F-2D0F-48D2-AC7B-F808F52DF4E6}.Release|x64.ActiveCfg = Release|Any CPU
		{996D9F5F-2D0F-48D2-AC7B-F808F52DF4E6}.Release|x64.Build.0 = Release|Any CPU
		{996D9F5F-2D0F-48D2-AC7B-F808F52DF4E6}.Release|x86.ActiveCfg = Release|Any CPU
		{996D9F5F-2D0F-48D2-AC7B-F808F52DF4E6}.Release|x86.Build.0 = Release|Any CPU
		{EF6109B7-08F5-45BB-BE99-C5D94CA2F357}.Debug|Any CPU.ActiveCfg = Debug|Any CPU
		{EF6109B7-08F5-45BB-BE99-C5D94CA2F357}.Debug|Any CPU.Build.0 = Debug|Any CPU
		{EF6109B7-08F5-45BB-BE99-C5D94CA2F357}.Debug|x64.ActiveCfg = Debug|Any CPU
		{EF6109B7-08F5-45BB-BE99-C5D94CA2F357}.Debug|x64.Build.0 = Debug|Any CPU
		{EF6109B7-08F5-45BB-BE99-C5D94CA2F357}.Debug|x86.ActiveCfg = Debug|Any CPU
		{EF6109B7-08F5-45BB-BE99-C5D94CA2F357}.Debug|x86.Build.0 = Debug|Any CPU
		{EF6109B7-08F5-45BB-BE99-C5D94CA2F357}.Release|Any CPU.ActiveCfg = Release|Any CPU
		{EF6109B7-08F5-45BB-BE99-C5D94CA2F357}.Release|Any CPU.Build.0 = Release|Any CPU
		{EF6109B7-08F5-45BB-BE99-C5D94CA2F357}.Release|x64.ActiveCfg = Release|Any CPU
		{EF6109B7-08F5-45BB-BE99-C5D94CA2F357}.Release|x64.Build.0 = Release|Any CPU
		{EF6109B7-08F5-45BB-BE99-C5D94CA2F357}.Release|x86.ActiveCfg = Release|Any CPU
		{EF6109B7-08F5-45BB-BE99-C5D94CA2F357}.Release|x86.Build.0 = Release|Any CPU
		{BDCC30CC-1788-425C-AA0E-0FDCC5BAD508}.Debug|Any CPU.ActiveCfg = Debug|Any CPU
		{BDCC30CC-1788-425C-AA0E-0FDCC5BAD508}.Debug|Any CPU.Build.0 = Debug|Any CPU
		{BDCC30CC-1788-425C-AA0E-0FDCC5BAD508}.Debug|x64.ActiveCfg = Debug|Any CPU
		{BDCC30CC-1788-425C-AA0E-0FDCC5BAD508}.Debug|x64.Build.0 = Debug|Any CPU
		{BDCC30CC-1788-425C-AA0E-0FDCC5BAD508}.Debug|x86.ActiveCfg = Debug|Any CPU
		{BDCC30CC-1788-425C-AA0E-0FDCC5BAD508}.Debug|x86.Build.0 = Debug|Any CPU
		{BDCC30CC-1788-425C-AA0E-0FDCC5BAD508}.Release|Any CPU.ActiveCfg = Release|Any CPU
		{BDCC30CC-1788-425C-AA0E-0FDCC5BAD508}.Release|Any CPU.Build.0 = Release|Any CPU
		{BDCC30CC-1788-425C-AA0E-0FDCC5BAD508}.Release|x64.ActiveCfg = Release|Any CPU
		{BDCC30CC-1788-425C-AA0E-0FDCC5BAD508}.Release|x64.Build.0 = Release|Any CPU
		{BDCC30CC-1788-425C-AA0E-0FDCC5BAD508}.Release|x86.ActiveCfg = Release|Any CPU
		{BDCC30CC-1788-425C-AA0E-0FDCC5BAD508}.Release|x86.Build.0 = Release|Any CPU
		{ED6F148C-938D-4C5F-B1AF-3D13123D0BFA}.Debug|Any CPU.ActiveCfg = Debug|Any CPU
		{ED6F148C-938D-4C5F-B1AF-3D13123D0BFA}.Debug|Any CPU.Build.0 = Debug|Any CPU
		{ED6F148C-938D-4C5F-B1AF-3D13123D0BFA}.Debug|x64.ActiveCfg = Debug|Any CPU
		{ED6F148C-938D-4C5F-B1AF-3D13123D0BFA}.Debug|x64.Build.0 = Debug|Any CPU
		{ED6F148C-938D-4C5F-B1AF-3D13123D0BFA}.Debug|x86.ActiveCfg = Debug|Any CPU
		{ED6F148C-938D-4C5F-B1AF-3D13123D0BFA}.Debug|x86.Build.0 = Debug|Any CPU
		{ED6F148C-938D-4C5F-B1AF-3D13123D0BFA}.Release|Any CPU.ActiveCfg = Release|Any CPU
		{ED6F148C-938D-4C5F-B1AF-3D13123D0BFA}.Release|Any CPU.Build.0 = Release|Any CPU
		{ED6F148C-938D-4C5F-B1AF-3D13123D0BFA}.Release|x64.ActiveCfg = Release|Any CPU
		{ED6F148C-938D-4C5F-B1AF-3D13123D0BFA}.Release|x64.Build.0 = Release|Any CPU
		{ED6F148C-938D-4C5F-B1AF-3D13123D0BFA}.Release|x86.ActiveCfg = Release|Any CPU
		{ED6F148C-938D-4C5F-B1AF-3D13123D0BFA}.Release|x86.Build.0 = Release|Any CPU
	EndGlobalSection
	GlobalSection(SolutionProperties) = preSolution
		HideSolutionNode = FALSE
	EndGlobalSection
EndGlobal
