
Microsoft Visual Studio Solution File, Format Version 12.00
# Visual Studio Version 17
VisualStudioVersion = 17.0.31903.59
MinimumVisualStudioVersion = 10.0.40219.1
Project("{FAE04EC0-301F-11D3-BF4B-00C04F79EFBC}") = "WorkingWithEFCore", "WorkingWithEFCore\WorkingWithEFCore.csproj", "{13A54DE4-FF52-4CA0-AC2A-8C95E441DE89}"
EndProject
Project("{FAE04EC0-301F-11D3-BF4B-00C04F79EFBC}") = "Northwind.EntityModels", "Northwind.EntityModels\Northwind.EntityModels.csproj", "{34A356F8-C707-4D64-9DD4-0A2D22774CAB}"
EndProject
Project("{FAE04EC0-301F-11D3-BF4B-00C04F79EFBC}") = "CoursesAndStudents", "CoursesAndStudents\CoursesAndStudents.csproj", "{E334BB80-CEB8-40BD-A330-E1B85B97C9F4}"
EndProject
Project("{FAE04EC0-301F-11D3-BF4B-00C04F79EFBC}") = "Exercise_DataSerialization", "Exercise_DataSerialization\Exercise_DataSerialization.csproj", "{D7433674-FEF7-45F1-BDCD-9260F3FF9897}"
EndProject
Global
	GlobalSection(SolutionConfigurationPlatforms) = preSolution
		Debug|Any CPU = Debug|Any CPU
		Debug|x64 = Debug|x64
		Debug|x86 = Debug|x86
		Release|Any CPU = Release|Any CPU
		Release|x64 = Release|x64
		Release|x86 = Release|x86
	EndGlobalSection
	GlobalSection(ProjectConfigurationPlatforms) = postSolution
		{13A54DE4-FF52-4CA0-AC2A-8C95E441DE89}.Debug|Any CPU.ActiveCfg = Debug|Any CPU
		{13A54DE4-FF52-4CA0-AC2A-8C95E441DE89}.Debug|Any CPU.Build.0 = Debug|Any CPU
		{13A54DE4-FF52-4CA0-AC2A-8C95E441DE89}.Debug|x64.ActiveCfg = Debug|Any CPU
		{13A54DE4-FF52-4CA0-AC2A-8C95E441DE89}.Debug|x64.Build.0 = Debug|Any CPU
		{13A54DE4-FF52-4CA0-AC2A-8C95E441DE89}.Debug|x86.ActiveCfg = Debug|Any CPU
		{13A54DE4-FF52-4CA0-AC2A-8C95E441DE89}.Debug|x86.Build.0 = Debug|Any CPU
		{13A54DE4-FF52-4CA0-AC2A-8C95E441DE89}.Release|Any CPU.ActiveCfg = Release|Any CPU
		{13A54DE4-FF52-4CA0-AC2A-8C95E441DE89}.Release|Any CPU.Build.0 = Release|Any CPU
		{13A54DE4-FF52-4CA0-AC2A-8C95E441DE89}.Release|x64.ActiveCfg = Release|Any CPU
		{13A54DE4-FF52-4CA0-AC2A-8C95E441DE89}.Release|x64.Build.0 = Release|Any CPU
		{13A54DE4-FF52-4CA0-AC2A-8C95E441DE89}.Release|x86.ActiveCfg = Release|Any CPU
		{13A54DE4-FF52-4CA0-AC2A-8C95E441DE89}.Release|x86.Build.0 = Release|Any CPU
		{34A356F8-C707-4D64-9DD4-0A2D22774CAB}.Debug|Any CPU.ActiveCfg = Debug|Any CPU
		{34A356F8-C707-4D64-9DD4-0A2D22774CAB}.Debug|Any CPU.Build.0 = Debug|Any CPU
		{34A356F8-C707-4D64-9DD4-0A2D22774CAB}.Debug|x64.ActiveCfg = Debug|Any CPU
		{34A356F8-C707-4D64-9DD4-0A2D22774CAB}.Debug|x64.Build.0 = Debug|Any CPU
		{34A356F8-C707-4D64-9DD4-0A2D22774CAB}.Debug|x86.ActiveCfg = Debug|Any CPU
		{34A356F8-C707-4D64-9DD4-0A2D22774CAB}.Debug|x86.Build.0 = Debug|Any CPU
		{34A356F8-C707-4D64-9DD4-0A2D22774CAB}.Release|Any CPU.ActiveCfg = Release|Any CPU
		{34A356F8-C707-4D64-9DD4-0A2D22774CAB}.Release|Any CPU.Build.0 = Release|Any CPU
		{34A356F8-C707-4D64-9DD4-0A2D22774CAB}.Release|x64.ActiveCfg = Release|Any CPU
		{34A356F8-C707-4D64-9DD4-0A2D22774CAB}.Release|x64.Build.0 = Release|Any CPU
		{34A356F8-C707-4D64-9DD4-0A2D22774CAB}.Release|x86.ActiveCfg = Release|Any CPU
		{34A356F8-C707-4D64-9DD4-0A2D22774CAB}.Release|x86.Build.0 = Release|Any CPU
		{E334BB80-CEB8-40BD-A330-E1B85B97C9F4}.Debug|Any CPU.ActiveCfg = Debug|Any CPU
		{E334BB80-CEB8-40BD-A330-E1B85B97C9F4}.Debug|Any CPU.Build.0 = Debug|Any CPU
		{E334BB80-CEB8-40BD-A330-E1B85B97C9F4}.Debug|x64.ActiveCfg = Debug|Any CPU
		{E334BB80-CEB8-40BD-A330-E1B85B97C9F4}.Debug|x64.Build.0 = Debug|Any CPU
		{E334BB80-CEB8-40BD-A330-E1B85B97C9F4}.Debug|x86.ActiveCfg = Debug|Any CPU
		{E334BB80-CEB8-40BD-A330-E1B85B97C9F4}.Debug|x86.Build.0 = Debug|Any CPU
		{E334BB80-CEB8-40BD-A330-E1B85B97C9F4}.Release|Any CPU.ActiveCfg = Release|Any CPU
		{E334BB80-CEB8-40BD-A330-E1B85B97C9F4}.Release|Any CPU.Build.0 = Release|Any CPU
		{E334BB80-CEB8-40BD-A330-E1B85B97C9F4}.Release|x64.ActiveCfg = Release|Any CPU
		{E334BB80-CEB8-40BD-A330-E1B85B97C9F4}.Release|x64.Build.0 = Release|Any CPU
		{E334BB80-CEB8-40BD-A330-E1B85B97C9F4}.Release|x86.ActiveCfg = Release|Any CPU
		{E334BB80-CEB8-40BD-A330-E1B85B97C9F4}.Release|x86.Build.0 = Release|Any CPU
		{D7433674-FEF7-45F1-BDCD-9260F3FF9897}.Debug|Any CPU.ActiveCfg = Debug|Any CPU
		{D7433674-FEF7-45F1-BDCD-9260F3FF9897}.Debug|Any CPU.Build.0 = Debug|Any CPU
		{D7433674-FEF7-45F1-BDCD-9260F3FF9897}.Debug|x64.ActiveCfg = Debug|Any CPU
		{D7433674-FEF7-45F1-BDCD-9260F3FF9897}.Debug|x64.Build.0 = Debug|Any CPU
		{D7433674-FEF7-45F1-BDCD-9260F3FF9897}.Debug|x86.ActiveCfg = Debug|Any CPU
		{D7433674-FEF7-45F1-BDCD-9260F3FF9897}.Debug|x86.Build.0 = Debug|Any CPU
		{D7433674-FEF7-45F1-BDCD-9260F3FF9897}.Release|Any CPU.ActiveCfg = Release|Any CPU
		{D7433674-FEF7-45F1-BDCD-9260F3FF9897}.Release|Any CPU.Build.0 = Release|Any CPU
		{D7433674-FEF7-45F1-BDCD-9260F3FF9897}.Release|x64.ActiveCfg = Release|Any CPU
		{D7433674-FEF7-45F1-BDCD-9260F3FF9897}.Release|x64.Build.0 = Release|Any CPU
		{D7433674-FEF7-45F1-BDCD-9260F3FF9897}.Release|x86.ActiveCfg = Release|Any CPU
		{D7433674-FEF7-45F1-BDCD-9260F3FF9897}.Release|x86.Build.0 = Release|Any CPU
	EndGlobalSection
	GlobalSection(SolutionProperties) = preSolution
		HideSolutionNode = FALSE
	EndGlobalSection
EndGlobal
