
Microsoft Visual Studio Solution File, Format Version 12.00
# Visual Studio Version 17
VisualStudioVersion = 17.0.31903.59
MinimumVisualStudioVersion = 10.0.40219.1
Project("{FAE04EC0-301F-11D3-BF4B-00C04F79EFBC}") = "WorkingWithNumbers", "WorkingWithNumbers\WorkingWithNumbers.csproj", "{1AF4070F-056D-436E-95A9-82EC97E8204D}"
EndProject
Project("{FAE04EC0-301F-11D3-BF4B-00C04F79EFBC}") = "WorkingWithText", "WorkingWithText\WorkingWithText.csproj", "{AAC5B65B-704F-4E59-BEBF-AD2D74662B75}"
EndProject
Project("{FAE04EC0-301F-11D3-BF4B-00C04F79EFBC}") = "WorkingWithRegularExpressions", "WorkingWithRegularExpressions\WorkingWithRegularExpressions.csproj", "{D5BF6736-DB8A-4D94-8C2D-AF56745E76DA}"
EndProject
Project("{FAE04EC0-301F-11D3-BF4B-00C04F79EFBC}") = "WorkingWithCollections", "WorkingWithCollections\WorkingWithCollections.csproj", "{053B2C64-7339-4471-AA3D-86BC7D6C3DE8}"
EndProject
Project("{FAE04EC0-301F-11D3-BF4B-00C04F79EFBC}") = "WorkingWithRanges", "WorkingWithRanges\WorkingWithRanges.csproj", "{C671AABA-B2B4-4CA4-BB8F-455DA72EE30A}"
EndProject
Global
	GlobalSection(SolutionConfigurationPlatforms) = preSolution
		Debug|Any CPU = Debug|Any CPU
		Debug|x64 = Debug|x64
		Debug|x86 = Debug|x86
		Release|Any CPU = Release|Any CPU
		Release|x64 = Release|x64
		Release|x86 = Release|x86
	EndGlobalSection
	GlobalSection(ProjectConfigurationPlatforms) = postSolution
		{1AF4070F-056D-436E-95A9-82EC97E8204D}.Debug|Any CPU.ActiveCfg = Debug|Any CPU
		{1AF4070F-056D-436E-95A9-82EC97E8204D}.Debug|Any CPU.Build.0 = Debug|Any CPU
		{1AF4070F-056D-436E-95A9-82EC97E8204D}.Debug|x64.ActiveCfg = Debug|Any CPU
		{1AF4070F-056D-436E-95A9-82EC97E8204D}.Debug|x64.Build.0 = Debug|Any CPU
		{1AF4070F-056D-436E-95A9-82EC97E8204D}.Debug|x86.ActiveCfg = Debug|Any CPU
		{1AF4070F-056D-436E-95A9-82EC97E8204D}.Debug|x86.Build.0 = Debug|Any CPU
		{1AF4070F-056D-436E-95A9-82EC97E8204D}.Release|Any CPU.ActiveCfg = Release|Any CPU
		{1AF4070F-056D-436E-95A9-82EC97E8204D}.Release|Any CPU.Build.0 = Release|Any CPU
		{1AF4070F-056D-436E-95A9-82EC97E8204D}.Release|x64.ActiveCfg = Release|Any CPU
		{1AF4070F-056D-436E-95A9-82EC97E8204D}.Release|x64.Build.0 = Release|Any CPU
		{1AF4070F-056D-436E-95A9-82EC97E8204D}.Release|x86.ActiveCfg = Release|Any CPU
		{1AF4070F-056D-436E-95A9-82EC97E8204D}.Release|x86.Build.0 = Release|Any CPU
		{AAC5B65B-704F-4E59-BEBF-AD2D74662B75}.Debug|Any CPU.ActiveCfg = Debug|Any CPU
		{AAC5B65B-704F-4E59-BEBF-AD2D74662B75}.Debug|Any CPU.Build.0 = Debug|Any CPU
		{AAC5B65B-704F-4E59-BEBF-AD2D74662B75}.Debug|x64.ActiveCfg = Debug|Any CPU
		{AAC5B65B-704F-4E59-BEBF-AD2D74662B75}.Debug|x64.Build.0 = Debug|Any CPU
		{AAC5B65B-704F-4E59-BEBF-AD2D74662B75}.Debug|x86.ActiveCfg = Debug|Any CPU
		{AAC5B65B-704F-4E59-BEBF-AD2D74662B75}.Debug|x86.Build.0 = Debug|Any CPU
		{AAC5B65B-704F-4E59-BEBF-AD2D74662B75}.Release|Any CPU.ActiveCfg = Release|Any CPU
		{AAC5B65B-704F-4E59-BEBF-AD2D74662B75}.Release|Any CPU.Build.0 = Release|Any CPU
		{AAC5B65B-704F-4E59-BEBF-AD2D74662B75}.Release|x64.ActiveCfg = Release|Any CPU
		{AAC5B65B-704F-4E59-BEBF-AD2D74662B75}.Release|x64.Build.0 = Release|Any CPU
		{AAC5B65B-704F-4E59-BEBF-AD2D74662B75}.Release|x86.ActiveCfg = Release|Any CPU
		{AAC5B65B-704F-4E59-BEBF-AD2D74662B75}.Release|x86.Build.0 = Release|Any CPU
		{D5BF6736-DB8A-4D94-8C2D-AF56745E76DA}.Debug|Any CPU.ActiveCfg = Debug|Any CPU
		{D5BF6736-DB8A-4D94-8C2D-AF56745E76DA}.Debug|Any CPU.Build.0 = Debug|Any CPU
		{D5BF6736-DB8A-4D94-8C2D-AF56745E76DA}.Debug|x64.ActiveCfg = Debug|Any CPU
		{D5BF6736-DB8A-4D94-8C2D-AF56745E76DA}.Debug|x64.Build.0 = Debug|Any CPU
		{D5BF6736-DB8A-4D94-8C2D-AF56745E76DA}.Debug|x86.ActiveCfg = Debug|Any CPU
		{D5BF6736-DB8A-4D94-8C2D-AF56745E76DA}.Debug|x86.Build.0 = Debug|Any CPU
		{D5BF6736-DB8A-4D94-8C2D-AF56745E76DA}.Release|Any CPU.ActiveCfg = Release|Any CPU
		{D5BF6736-DB8A-4D94-8C2D-AF56745E76DA}.Release|Any CPU.Build.0 = Release|Any CPU
		{D5BF6736-DB8A-4D94-8C2D-AF56745E76DA}.Release|x64.ActiveCfg = Release|Any CPU
		{D5BF6736-DB8A-4D94-8C2D-AF56745E76DA}.Release|x64.Build.0 = Release|Any CPU
		{D5BF6736-DB8A-4D94-8C2D-AF56745E76DA}.Release|x86.ActiveCfg = Release|Any CPU
		{D5BF6736-DB8A-4D94-8C2D-AF56745E76DA}.Release|x86.Build.0 = Release|Any CPU
		{053B2C64-7339-4471-AA3D-86BC7D6C3DE8}.Debug|Any CPU.ActiveCfg = Debug|Any CPU
		{053B2C64-7339-4471-AA3D-86BC7D6C3DE8}.Debug|Any CPU.Build.0 = Debug|Any CPU
		{053B2C64-7339-4471-AA3D-86BC7D6C3DE8}.Debug|x64.ActiveCfg = Debug|Any CPU
		{053B2C64-7339-4471-AA3D-86BC7D6C3DE8}.Debug|x64.Build.0 = Debug|Any CPU
		{053B2C64-7339-4471-AA3D-86BC7D6C3DE8}.Debug|x86.ActiveCfg = Debug|Any CPU
		{053B2C64-7339-4471-AA3D-86BC7D6C3DE8}.Debug|x86.Build.0 = Debug|Any CPU
		{053B2C64-7339-4471-AA3D-86BC7D6C3DE8}.Release|Any CPU.ActiveCfg = Release|Any CPU
		{053B2C64-7339-4471-AA3D-86BC7D6C3DE8}.Release|Any CPU.Build.0 = Release|Any CPU
		{053B2C64-7339-4471-AA3D-86BC7D6C3DE8}.Release|x64.ActiveCfg = Release|Any CPU
		{053B2C64-7339-4471-AA3D-86BC7D6C3DE8}.Release|x64.Build.0 = Release|Any CPU
		{053B2C64-7339-4471-AA3D-86BC7D6C3DE8}.Release|x86.ActiveCfg = Release|Any CPU
		{053B2C64-7339-4471-AA3D-86BC7D6C3DE8}.Release|x86.Build.0 = Release|Any CPU
		{C671AABA-B2B4-4CA4-BB8F-455DA72EE30A}.Debug|Any CPU.ActiveCfg = Debug|Any CPU
		{C671AABA-B2B4-4CA4-BB8F-455DA72EE30A}.Debug|Any CPU.Build.0 = Debug|Any CPU
		{C671AABA-B2B4-4CA4-BB8F-455DA72EE30A}.Debug|x64.ActiveCfg = Debug|Any CPU
		{C671AABA-B2B4-4CA4-BB8F-455DA72EE30A}.Debug|x64.Build.0 = Debug|Any CPU
		{C671AABA-B2B4-4CA4-BB8F-455DA72EE30A}.Debug|x86.ActiveCfg = Debug|Any CPU
		{C671AABA-B2B4-4CA4-BB8F-455DA72EE30A}.Debug|x86.Build.0 = Debug|Any CPU
		{C671AABA-B2B4-4CA4-BB8F-455DA72EE30A}.Release|Any CPU.ActiveCfg = Release|Any CPU
		{C671AABA-B2B4-4CA4-BB8F-455DA72EE30A}.Release|Any CPU.Build.0 = Release|Any CPU
		{C671AABA-B2B4-4CA4-BB8F-455DA72EE30A}.Release|x64.ActiveCfg = Release|Any CPU
		{C671AABA-B2B4-4CA4-BB8F-455DA72EE30A}.Release|x64.Build.0 = Release|Any CPU
		{C671AABA-B2B4-4CA4-BB8F-455DA72EE30A}.Release|x86.ActiveCfg = Release|Any CPU
		{C671AABA-B2B4-4CA4-BB8F-455DA72EE30A}.Release|x86.Build.0 = Release|Any CPU
	EndGlobalSection
	GlobalSection(SolutionProperties) = preSolution
		HideSolutionNode = FALSE
	EndGlobalSection
EndGlobal
