
Microsoft Visual Studio Solution File, Format Version 12.00
# Visual Studio Version 17
VisualStudioVersion = 17.0.31903.59
MinimumVisualStudioVersion = 10.0.40219.1
Project("{FAE04EC0-301F-11D3-BF4B-00C04F79EFBC}") = "TopLevelFunctions", "TopLevelFunctions\TopLevelFunctions.csproj", "{528CBB52-0BB4-4B6D-A270-5A464F3C2626}"
EndProject
Project("{FAE04EC0-301F-11D3-BF4B-00C04F79EFBC}") = "WritingFunctions", "WritingFunctions\WritingFunctions.csproj", "{99822A35-C597-45EA-9F06-00EC6B4312F7}"
EndProject
Project("{FAE04EC0-301F-11D3-BF4B-00C04F79EFBC}") = "Debugging", "Debugging\Debugging.csproj", "{5A8F996B-9BE8-43BD-9FD7-985DBF9B49BE}"
EndProject
Project("{FAE04EC0-301F-11D3-BF4B-00C04F79EFBC}") = "HotReloading", "HotReloading\HotReloading.csproj", "{4577BF45-9B9B-463B-9569-37D246040E48}"
EndProject
Project("{FAE04EC0-301F-11D3-BF4B-00C04F79EFBC}") = "CalculatorLib", "CalculatorLib\CalculatorLib.csproj", "{EA06C5B0-54DB-4718-9532-B02600E674AE}"
EndProject
Project("{FAE04EC0-301F-11D3-BF4B-00C04F79EFBC}") = "CalculatorLibUnitTests", "CalculatorLibUnitTests\CalculatorLibUnitTests.csproj", "{EB444E13-A3FE-442D-AE02-47BC0BA9B5FF}"
EndProject
Project("{FAE04EC0-301F-11D3-BF4B-00C04F79EFBC}") = "CallStackExceptionHandling", "CallStackExceptionHandling\CallStackExceptionHandling.csproj", "{2B9B3B58-0B6F-4F4E-A331-BF084B739DF1}"
EndProject
Project("{FAE04EC0-301F-11D3-BF4B-00C04F79EFBC}") = "Instrumenting", "Instrumenting\Instrumenting.csproj", "{EDB18244-F9CF-4EBB-8A3D-9FF6F3562CEF}"
EndProject
Project("{FAE04EC0-301F-11D3-BF4B-00C04F79EFBC}") = "Exercise_PrimeFactorsApp", "Exercise_PrimeFactorsApp\Exercise_PrimeFactorsApp.csproj", "{FB24F0BB-F3EF-46BB-BAA2-641F1C880E0C}"
EndProject
Project("{FAE04EC0-301F-11D3-BF4B-00C04F79EFBC}") = "Exercise_PrimeFactorsLib", "Exercise_PrimeFactorsLib\Exercise_PrimeFactorsLib.csproj", "{4468EFCF-DAD4-41F8-9297-3869C4B45DE1}"
EndProject
Project("{FAE04EC0-301F-11D3-BF4B-00C04F79EFBC}") = "Exercise_PrimeFactorsTests", "Exercise_PrimeFactorsTests\Exercise_PrimeFactorsTests.csproj", "{E276B517-F39C-4BCE-8280-107CA50EAE62}"
EndProject
Global
	GlobalSection(SolutionConfigurationPlatforms) = preSolution
		Debug|Any CPU = Debug|Any CPU
		Debug|x64 = Debug|x64
		Debug|x86 = Debug|x86
		Release|Any CPU = Release|Any CPU
		Release|x64 = Release|x64
		Release|x86 = Release|x86
	EndGlobalSection
	GlobalSection(ProjectConfigurationPlatforms) = postSolution
		{528CBB52-0BB4-4B6D-A270-5A464F3C2626}.Debug|Any CPU.ActiveCfg = Debug|Any CPU
		{528CBB52-0BB4-4B6D-A270-5A464F3C2626}.Debug|Any CPU.Build.0 = Debug|Any CPU
		{528CBB52-0BB4-4B6D-A270-5A464F3C2626}.Debug|x64.ActiveCfg = Debug|Any CPU
		{528CBB52-0BB4-4B6D-A270-5A464F3C2626}.Debug|x64.Build.0 = Debug|Any CPU
		{528CBB52-0BB4-4B6D-A270-5A464F3C2626}.Debug|x86.ActiveCfg = Debug|Any CPU
		{528CBB52-0BB4-4B6D-A270-5A464F3C2626}.Debug|x86.Build.0 = Debug|Any CPU
		{528CBB52-0BB4-4B6D-A270-5A464F3C2626}.Release|Any CPU.ActiveCfg = Release|Any CPU
		{528CBB52-0BB4-4B6D-A270-5A464F3C2626}.Release|Any CPU.Build.0 = Release|Any CPU
		{528CBB52-0BB4-4B6D-A270-5A464F3C2626}.Release|x64.ActiveCfg = Release|Any CPU
		{528CBB52-0BB4-4B6D-A270-5A464F3C2626}.Release|x64.Build.0 = Release|Any CPU
		{528CBB52-0BB4-4B6D-A270-5A464F3C2626}.Release|x86.ActiveCfg = Release|Any CPU
		{528CBB52-0BB4-4B6D-A270-5A464F3C2626}.Release|x86.Build.0 = Release|Any CPU
		{99822A35-C597-45EA-9F06-00EC6B4312F7}.Debug|Any CPU.ActiveCfg = Debug|Any CPU
		{99822A35-C597-45EA-9F06-00EC6B4312F7}.Debug|Any CPU.Build.0 = Debug|Any CPU
		{99822A35-C597-45EA-9F06-00EC6B4312F7}.Debug|x64.ActiveCfg = Debug|Any CPU
		{99822A35-C597-45EA-9F06-00EC6B4312F7}.Debug|x64.Build.0 = Debug|Any CPU
		{99822A35-C597-45EA-9F06-00EC6B4312F7}.Debug|x86.ActiveCfg = Debug|Any CPU
		{99822A35-C597-45EA-9F06-00EC6B4312F7}.Debug|x86.Build.0 = Debug|Any CPU
		{99822A35-C597-45EA-9F06-00EC6B4312F7}.Release|Any CPU.ActiveCfg = Release|Any CPU
		{99822A35-C597-45EA-9F06-00EC6B4312F7}.Release|Any CPU.Build.0 = Release|Any CPU
		{99822A35-C597-45EA-9F06-00EC6B4312F7}.Release|x64.ActiveCfg = Release|Any CPU
		{99822A35-C597-45EA-9F06-00EC6B4312F7}.Release|x64.Build.0 = Release|Any CPU
		{99822A35-C597-45EA-9F06-00EC6B4312F7}.Release|x86.ActiveCfg = Release|Any CPU
		{99822A35-C597-45EA-9F06-00EC6B4312F7}.Release|x86.Build.0 = Release|Any CPU
		{5A8F996B-9BE8-43BD-9FD7-985DBF9B49BE}.Debug|Any CPU.ActiveCfg = Debug|Any CPU
		{5A8F996B-9BE8-43BD-9FD7-985DBF9B49BE}.Debug|Any CPU.Build.0 = Debug|Any CPU
		{5A8F996B-9BE8-43BD-9FD7-985DBF9B49BE}.Debug|x64.ActiveCfg = Debug|Any CPU
		{5A8F996B-9BE8-43BD-9FD7-985DBF9B49BE}.Debug|x64.Build.0 = Debug|Any CPU
		{5A8F996B-9BE8-43BD-9FD7-985DBF9B49BE}.Debug|x86.ActiveCfg = Debug|Any CPU
		{5A8F996B-9BE8-43BD-9FD7-985DBF9B49BE}.Debug|x86.Build.0 = Debug|Any CPU
		{5A8F996B-9BE8-43BD-9FD7-985DBF9B49BE}.Release|Any CPU.ActiveCfg = Release|Any CPU
		{5A8F996B-9BE8-43BD-9FD7-985DBF9B49BE}.Release|Any CPU.Build.0 = Release|Any CPU
		{5A8F996B-9BE8-43BD-9FD7-985DBF9B49BE}.Release|x64.ActiveCfg = Release|Any CPU
		{5A8F996B-9BE8-43BD-9FD7-985DBF9B49BE}.Release|x64.Build.0 = Release|Any CPU
		{5A8F996B-9BE8-43BD-9FD7-985DBF9B49BE}.Release|x86.ActiveCfg = Release|Any CPU
		{5A8F996B-9BE8-43BD-9FD7-985DBF9B49BE}.Release|x86.Build.0 = Release|Any CPU
		{4577BF45-9B9B-463B-9569-37D246040E48}.Debug|Any CPU.ActiveCfg = Debug|Any CPU
		{4577BF45-9B9B-463B-9569-37D246040E48}.Debug|Any CPU.Build.0 = Debug|Any CPU
		{4577BF45-9B9B-463B-9569-37D246040E48}.Debug|x64.ActiveCfg = Debug|Any CPU
		{4577BF45-9B9B-463B-9569-37D246040E48}.Debug|x64.Build.0 = Debug|Any CPU
		{4577BF45-9B9B-463B-9569-37D246040E48}.Debug|x86.ActiveCfg = Debug|Any CPU
		{4577BF45-9B9B-463B-9569-37D246040E48}.Debug|x86.Build.0 = Debug|Any CPU
		{4577BF45-9B9B-463B-9569-37D246040E48}.Release|Any CPU.ActiveCfg = Release|Any CPU
		{4577BF45-9B9B-463B-9569-37D246040E48}.Release|Any CPU.Build.0 = Release|Any CPU
		{4577BF45-9B9B-463B-9569-37D246040E48}.Release|x64.ActiveCfg = Release|Any CPU
		{4577BF45-9B9B-463B-9569-37D246040E48}.Release|x64.Build.0 = Release|Any CPU
		{4577BF45-9B9B-463B-9569-37D246040E48}.Release|x86.ActiveCfg = Release|Any CPU
		{4577BF45-9B9B-463B-9569-37D246040E48}.Release|x86.Build.0 = Release|Any CPU
		{EA06C5B0-54DB-4718-9532-B02600E674AE}.Debug|Any CPU.ActiveCfg = Debug|Any CPU
		{EA06C5B0-54DB-4718-9532-B02600E674AE}.Debug|Any CPU.Build.0 = Debug|Any CPU
		{EA06C5B0-54DB-4718-9532-B02600E674AE}.Debug|x64.ActiveCfg = Debug|Any CPU
		{EA06C5B0-54DB-4718-9532-B02600E674AE}.Debug|x64.Build.0 = Debug|Any CPU
		{EA06C5B0-54DB-4718-9532-B02600E674AE}.Debug|x86.ActiveCfg = Debug|Any CPU
		{EA06C5B0-54DB-4718-9532-B02600E674AE}.Debug|x86.Build.0 = Debug|Any CPU
		{EA06C5B0-54DB-4718-9532-B02600E674AE}.Release|Any CPU.ActiveCfg = Release|Any CPU
		{EA06C5B0-54DB-4718-9532-B02600E674AE}.Release|Any CPU.Build.0 = Release|Any CPU
		{EA06C5B0-54DB-4718-9532-B02600E674AE}.Release|x64.ActiveCfg = Release|Any CPU
		{EA06C5B0-54DB-4718-9532-B02600E674AE}.Release|x64.Build.0 = Release|Any CPU
		{EA06C5B0-54DB-4718-9532-B02600E674AE}.Release|x86.ActiveCfg = Release|Any CPU
		{EA06C5B0-54DB-4718-9532-B02600E674AE}.Release|x86.Build.0 = Release|Any CPU
		{EB444E13-A3FE-442D-AE02-47BC0BA9B5FF}.Debug|Any CPU.ActiveCfg = Debug|Any CPU
		{EB444E13-A3FE-442D-AE02-47BC0BA9B5FF}.Debug|Any CPU.Build.0 = Debug|Any CPU
		{EB444E13-A3FE-442D-AE02-47BC0BA9B5FF}.Debug|x64.ActiveCfg = Debug|Any CPU
		{EB444E13-A3FE-442D-AE02-47BC0BA9B5FF}.Debug|x64.Build.0 = Debug|Any CPU
		{EB444E13-A3FE-442D-AE02-47BC0BA9B5FF}.Debug|x86.ActiveCfg = Debug|Any CPU
		{EB444E13-A3FE-442D-AE02-47BC0BA9B5FF}.Debug|x86.Build.0 = Debug|Any CPU
		{EB444E13-A3FE-442D-AE02-47BC0BA9B5FF}.Release|Any CPU.ActiveCfg = Release|Any CPU
		{EB444E13-A3FE-442D-AE02-47BC0BA9B5FF}.Release|Any CPU.Build.0 = Release|Any CPU
		{EB444E13-A3FE-442D-AE02-47BC0BA9B5FF}.Release|x64.ActiveCfg = Release|Any CPU
		{EB444E13-A3FE-442D-AE02-47BC0BA9B5FF}.Release|x64.Build.0 = Release|Any CPU
		{EB444E13-A3FE-442D-AE02-47BC0BA9B5FF}.Release|x86.ActiveCfg = Release|Any CPU
		{EB444E13-A3FE-442D-AE02-47BC0BA9B5FF}.Release|x86.Build.0 = Release|Any CPU
		{2B9B3B58-0B6F-4F4E-A331-BF084B739DF1}.Debug|Any CPU.ActiveCfg = Debug|Any CPU
		{2B9B3B58-0B6F-4F4E-A331-BF084B739DF1}.Debug|Any CPU.Build.0 = Debug|Any CPU
		{2B9B3B58-0B6F-4F4E-A331-BF084B739DF1}.Debug|x64.ActiveCfg = Debug|Any CPU
		{2B9B3B58-0B6F-4F4E-A331-BF084B739DF1}.Debug|x64.Build.0 = Debug|Any CPU
		{2B9B3B58-0B6F-4F4E-A331-BF084B739DF1}.Debug|x86.ActiveCfg = Debug|Any CPU
		{2B9B3B58-0B6F-4F4E-A331-BF084B739DF1}.Debug|x86.Build.0 = Debug|Any CPU
		{2B9B3B58-0B6F-4F4E-A331-BF084B739DF1}.Release|Any CPU.ActiveCfg = Release|Any CPU
		{2B9B3B58-0B6F-4F4E-A331-BF084B739DF1}.Release|Any CPU.Build.0 = Release|Any CPU
		{2B9B3B58-0B6F-4F4E-A331-BF084B739DF1}.Release|x64.ActiveCfg = Release|Any CPU
		{2B9B3B58-0B6F-4F4E-A331-BF084B739DF1}.Release|x64.Build.0 = Release|Any CPU
		{2B9B3B58-0B6F-4F4E-A331-BF084B739DF1}.Release|x86.ActiveCfg = Release|Any CPU
		{2B9B3B58-0B6F-4F4E-A331-BF084B739DF1}.Release|x86.Build.0 = Release|Any CPU
		{EDB18244-F9CF-4EBB-8A3D-9FF6F3562CEF}.Debug|Any CPU.ActiveCfg = Debug|Any CPU
		{EDB18244-F9CF-4EBB-8A3D-9FF6F3562CEF}.Debug|Any CPU.Build.0 = Debug|Any CPU
		{EDB18244-F9CF-4EBB-8A3D-9FF6F3562CEF}.Debug|x64.ActiveCfg = Debug|Any CPU
		{EDB18244-F9CF-4EBB-8A3D-9FF6F3562CEF}.Debug|x64.Build.0 = Debug|Any CPU
		{EDB18244-F9CF-4EBB-8A3D-9FF6F3562CEF}.Debug|x86.ActiveCfg = Debug|Any CPU
		{EDB18244-F9CF-4EBB-8A3D-9FF6F3562CEF}.Debug|x86.Build.0 = Debug|Any CPU
		{EDB18244-F9CF-4EBB-8A3D-9FF6F3562CEF}.Release|Any CPU.ActiveCfg = Release|Any CPU
		{EDB18244-F9CF-4EBB-8A3D-9FF6F3562CEF}.Release|Any CPU.Build.0 = Release|Any CPU
		{EDB18244-F9CF-4EBB-8A3D-9FF6F3562CEF}.Release|x64.ActiveCfg = Release|Any CPU
		{EDB18244-F9CF-4EBB-8A3D-9FF6F3562CEF}.Release|x64.Build.0 = Release|Any CPU
		{EDB18244-F9CF-4EBB-8A3D-9FF6F3562CEF}.Release|x86.ActiveCfg = Release|Any CPU
		{EDB18244-F9CF-4EBB-8A3D-9FF6F3562CEF}.Release|x86.Build.0 = Release|Any CPU
		{FB24F0BB-F3EF-46BB-BAA2-641F1C880E0C}.Debug|Any CPU.ActiveCfg = Debug|Any CPU
		{FB24F0BB-F3EF-46BB-BAA2-641F1C880E0C}.Debug|Any CPU.Build.0 = Debug|Any CPU
		{FB24F0BB-F3EF-46BB-BAA2-641F1C880E0C}.Debug|x64.ActiveCfg = Debug|Any CPU
		{FB24F0BB-F3EF-46BB-BAA2-641F1C880E0C}.Debug|x64.Build.0 = Debug|Any CPU
		{FB24F0BB-F3EF-46BB-BAA2-641F1C880E0C}.Debug|x86.ActiveCfg = Debug|Any CPU
		{FB24F0BB-F3EF-46BB-BAA2-641F1C880E0C}.Debug|x86.Build.0 = Debug|Any CPU
		{FB24F0BB-F3EF-46BB-BAA2-641F1C880E0C}.Release|Any CPU.ActiveCfg = Release|Any CPU
		{FB24F0BB-F3EF-46BB-BAA2-641F1C880E0C}.Release|Any CPU.Build.0 = Release|Any CPU
		{FB24F0BB-F3EF-46BB-BAA2-641F1C880E0C}.Release|x64.ActiveCfg = Release|Any CPU
		{FB24F0BB-F3EF-46BB-BAA2-641F1C880E0C}.Release|x64.Build.0 = Release|Any CPU
		{FB24F0BB-F3EF-46BB-BAA2-641F1C880E0C}.Release|x86.ActiveCfg = Release|Any CPU
		{FB24F0BB-F3EF-46BB-BAA2-641F1C880E0C}.Release|x86.Build.0 = Release|Any CPU
		{4468EFCF-DAD4-41F8-9297-3869C4B45DE1}.Debug|Any CPU.ActiveCfg = Debug|Any CPU
		{4468EFCF-DAD4-41F8-9297-3869C4B45DE1}.Debug|Any CPU.Build.0 = Debug|Any CPU
		{4468EFCF-DAD4-41F8-9297-3869C4B45DE1}.Debug|x64.ActiveCfg = Debug|Any CPU
		{4468EFCF-DAD4-41F8-9297-3869C4B45DE1}.Debug|x64.Build.0 = Debug|Any CPU
		{4468EFCF-DAD4-41F8-9297-3869C4B45DE1}.Debug|x86.ActiveCfg = Debug|Any CPU
		{4468EFCF-DAD4-41F8-9297-3869C4B45DE1}.Debug|x86.Build.0 = Debug|Any CPU
		{4468EFCF-DAD4-41F8-9297-3869C4B45DE1}.Release|Any CPU.ActiveCfg = Release|Any CPU
		{4468EFCF-DAD4-41F8-9297-3869C4B45DE1}.Release|Any CPU.Build.0 = Release|Any CPU
		{4468EFCF-DAD4-41F8-9297-3869C4B45DE1}.Release|x64.ActiveCfg = Release|Any CPU
		{4468EFCF-DAD4-41F8-9297-3869C4B45DE1}.Release|x64.Build.0 = Release|Any CPU
		{4468EFCF-DAD4-41F8-9297-3869C4B45DE1}.Release|x86.ActiveCfg = Release|Any CPU
		{4468EFCF-DAD4-41F8-9297-3869C4B45DE1}.Release|x86.Build.0 = Release|Any CPU
		{E276B517-F39C-4BCE-8280-107CA50EAE62}.Debug|Any CPU.ActiveCfg = Debug|Any CPU
		{E276B517-F39C-4BCE-8280-107CA50EAE62}.Debug|Any CPU.Build.0 = Debug|Any CPU
		{E276B517-F39C-4BCE-8280-107CA50EAE62}.Debug|x64.ActiveCfg = Debug|Any CPU
		{E276B517-F39C-4BCE-8280-107CA50EAE62}.Debug|x64.Build.0 = Debug|Any CPU
		{E276B517-F39C-4BCE-8280-107CA50EAE62}.Debug|x86.ActiveCfg = Debug|Any CPU
		{E276B517-F39C-4BCE-8280-107CA50EAE62}.Debug|x86.Build.0 = Debug|Any CPU
		{E276B517-F39C-4BCE-8280-107CA50EAE62}.Release|Any CPU.ActiveCfg = Release|Any CPU
		{E276B517-F39C-4BCE-8280-107CA50EAE62}.Release|Any CPU.Build.0 = Release|Any CPU
		{E276B517-F39C-4BCE-8280-107CA50EAE62}.Release|x64.ActiveCfg = Release|Any CPU
		{E276B517-F39C-4BCE-8280-107CA50EAE62}.Release|x64.Build.0 = Release|Any CPU
		{E276B517-F39C-4BCE-8280-107CA50EAE62}.Release|x86.ActiveCfg = Release|Any CPU
		{E276B517-F39C-4BCE-8280-107CA50EAE62}.Release|x86.Build.0 = Release|Any CPU
	EndGlobalSection
	GlobalSection(SolutionProperties) = preSolution
		HideSolutionNode = FALSE
	EndGlobalSection
EndGlobal
