
Microsoft Visual Studio Solution File, Format Version 12.00
# Visual Studio Version 17
VisualStudioVersion = 17.0.31903.59
MinimumVisualStudioVersion = 10.0.40219.1
Project("{FAE04EC0-301F-11D3-BF4B-00C04F79EFBC}") = "WorkingWithFileSystems", "WorkingWithFileSystems\WorkingWithFileSystems.csproj", "{67E4DE62-98E9-4551-B508-6D51FD5D3363}"
EndProject
Project("{FAE04EC0-301F-11D3-BF4B-00C04F79EFBC}") = "WorkingWithStreams", "WorkingWithStreams\WorkingWithStreams.csproj", "{666B98A4-175C-467E-A62E-74C4FDAD478E}"
EndProject
Project("{FAE04EC0-301F-11D3-BF4B-00C04F79EFBC}") = "WorkingWithRandomAccess", "WorkingWithRandomAccess\WorkingWithRandomAccess.csproj", "{A2253340-6CCE-4A1D-AD68-99A0CDCEC9DD}"
EndProject
Project("{FAE04EC0-301F-11D3-BF4B-00C04F79EFBC}") = "WorkingWithEncodings", "WorkingWithEncodings\WorkingWithEncodings.csproj", "{C44CE504-3643-47A1-A2B1-EC9BF96B8E23}"
EndProject
Project("{FAE04EC0-301F-11D3-BF4B-00C04F79EFBC}") = "WorkingWithSerialization", "WorkingWithSerialization\WorkingWithSerialization.csproj", "{9DAD3A15-B5A5-4512-80FC-BE8DF6960AA4}"
EndProject
Project("{FAE04EC0-301F-11D3-BF4B-00C04F79EFBC}") = "ControllingJson", "ControllingJson\ControllingJson.csproj", "{C8BA02CA-5AD9-432E-BA23-A65BFE4310C1}"
EndProject
Global
	GlobalSection(SolutionConfigurationPlatforms) = preSolution
		Debug|Any CPU = Debug|Any CPU
		Debug|x64 = Debug|x64
		Debug|x86 = Debug|x86
		Release|Any CPU = Release|Any CPU
		Release|x64 = Release|x64
		Release|x86 = Release|x86
	EndGlobalSection
	GlobalSection(ProjectConfigurationPlatforms) = postSolution
		{67E4DE62-98E9-4551-B508-6D51FD5D3363}.Debug|Any CPU.ActiveCfg = Debug|Any CPU
		{67E4DE62-98E9-4551-B508-6D51FD5D3363}.Debug|Any CPU.Build.0 = Debug|Any CPU
		{67E4DE62-98E9-4551-B508-6D51FD5D3363}.Debug|x64.ActiveCfg = Debug|Any CPU
		{67E4DE62-98E9-4551-B508-6D51FD5D3363}.Debug|x64.Build.0 = Debug|Any CPU
		{67E4DE62-98E9-4551-B508-6D51FD5D3363}.Debug|x86.ActiveCfg = Debug|Any CPU
		{67E4DE62-98E9-4551-B508-6D51FD5D3363}.Debug|x86.Build.0 = Debug|Any CPU
		{67E4DE62-98E9-4551-B508-6D51FD5D3363}.Release|Any CPU.ActiveCfg = Release|Any CPU
		{67E4DE62-98E9-4551-B508-6D51FD5D3363}.Release|Any CPU.Build.0 = Release|Any CPU
		{67E4DE62-98E9-4551-B508-6D51FD5D3363}.Release|x64.ActiveCfg = Release|Any CPU
		{67E4DE62-98E9-4551-B508-6D51FD5D3363}.Release|x64.Build.0 = Release|Any CPU
		{67E4DE62-98E9-4551-B508-6D51FD5D3363}.Release|x86.ActiveCfg = Release|Any CPU
		{67E4DE62-98E9-4551-B508-6D51FD5D3363}.Release|x86.Build.0 = Release|Any CPU
		{666B98A4-175C-467E-A62E-74C4FDAD478E}.Debug|Any CPU.ActiveCfg = Debug|Any CPU
		{666B98A4-175C-467E-A62E-74C4FDAD478E}.Debug|Any CPU.Build.0 = Debug|Any CPU
		{666B98A4-175C-467E-A62E-74C4FDAD478E}.Debug|x64.ActiveCfg = Debug|Any CPU
		{666B98A4-175C-467E-A62E-74C4FDAD478E}.Debug|x64.Build.0 = Debug|Any CPU
		{666B98A4-175C-467E-A62E-74C4FDAD478E}.Debug|x86.ActiveCfg = Debug|Any CPU
		{666B98A4-175C-467E-A62E-74C4FDAD478E}.Debug|x86.Build.0 = Debug|Any CPU
		{666B98A4-175C-467E-A62E-74C4FDAD478E}.Release|Any CPU.ActiveCfg = Release|Any CPU
		{666B98A4-175C-467E-A62E-74C4FDAD478E}.Release|Any CPU.Build.0 = Release|Any CPU
		{666B98A4-175C-467E-A62E-74C4FDAD478E}.Release|x64.ActiveCfg = Release|Any CPU
		{666B98A4-175C-467E-A62E-74C4FDAD478E}.Release|x64.Build.0 = Release|Any CPU
		{666B98A4-175C-467E-A62E-74C4FDAD478E}.Release|x86.ActiveCfg = Release|Any CPU
		{666B98A4-175C-467E-A62E-74C4FDAD478E}.Release|x86.Build.0 = Release|Any CPU
		{A2253340-6CCE-4A1D-AD68-99A0CDCEC9DD}.Debug|Any CPU.ActiveCfg = Debug|Any CPU
		{A2253340-6CCE-4A1D-AD68-99A0CDCEC9DD}.Debug|Any CPU.Build.0 = Debug|Any CPU
		{A2253340-6CCE-4A1D-AD68-99A0CDCEC9DD}.Debug|x64.ActiveCfg = Debug|Any CPU
		{A2253340-6CCE-4A1D-AD68-99A0CDCEC9DD}.Debug|x64.Build.0 = Debug|Any CPU
		{A2253340-6CCE-4A1D-AD68-99A0CDCEC9DD}.Debug|x86.ActiveCfg = Debug|Any CPU
		{A2253340-6CCE-4A1D-AD68-99A0CDCEC9DD}.Debug|x86.Build.0 = Debug|Any CPU
		{A2253340-6CCE-4A1D-AD68-99A0CDCEC9DD}.Release|Any CPU.ActiveCfg = Release|Any CPU
		{A2253340-6CCE-4A1D-AD68-99A0CDCEC9DD}.Release|Any CPU.Build.0 = Release|Any CPU
		{A2253340-6CCE-4A1D-AD68-99A0CDCEC9DD}.Release|x64.ActiveCfg = Release|Any CPU
		{A2253340-6CCE-4A1D-AD68-99A0CDCEC9DD}.Release|x64.Build.0 = Release|Any CPU
		{A2253340-6CCE-4A1D-AD68-99A0CDCEC9DD}.Release|x86.ActiveCfg = Release|Any CPU
		{A2253340-6CCE-4A1D-AD68-99A0CDCEC9DD}.Release|x86.Build.0 = Release|Any CPU
		{C44CE504-3643-47A1-A2B1-EC9BF96B8E23}.Debug|Any CPU.ActiveCfg = Debug|Any CPU
		{C44CE504-3643-47A1-A2B1-EC9BF96B8E23}.Debug|Any CPU.Build.0 = Debug|Any CPU
		{C44CE504-3643-47A1-A2B1-EC9BF96B8E23}.Debug|x64.ActiveCfg = Debug|Any CPU
		{C44CE504-3643-47A1-A2B1-EC9BF96B8E23}.Debug|x64.Build.0 = Debug|Any CPU
		{C44CE504-3643-47A1-A2B1-EC9BF96B8E23}.Debug|x86.ActiveCfg = Debug|Any CPU
		{C44CE504-3643-47A1-A2B1-EC9BF96B8E23}.Debug|x86.Build.0 = Debug|Any CPU
		{C44CE504-3643-47A1-A2B1-EC9BF96B8E23}.Release|Any CPU.ActiveCfg = Release|Any CPU
		{C44CE504-3643-47A1-A2B1-EC9BF96B8E23}.Release|Any CPU.Build.0 = Release|Any CPU
		{C44CE504-3643-47A1-A2B1-EC9BF96B8E23}.Release|x64.ActiveCfg = Release|Any CPU
		{C44CE504-3643-47A1-A2B1-EC9BF96B8E23}.Release|x64.Build.0 = Release|Any CPU
		{C44CE504-3643-47A1-A2B1-EC9BF96B8E23}.Release|x86.ActiveCfg = Release|Any CPU
		{C44CE504-3643-47A1-A2B1-EC9BF96B8E23}.Release|x86.Build.0 = Release|Any CPU
		{9DAD3A15-B5A5-4512-80FC-BE8DF6960AA4}.Debug|Any CPU.ActiveCfg = Debug|Any CPU
		{9DAD3A15-B5A5-4512-80FC-BE8DF6960AA4}.Debug|Any CPU.Build.0 = Debug|Any CPU
		{9DAD3A15-B5A5-4512-80FC-BE8DF6960AA4}.Debug|x64.ActiveCfg = Debug|Any CPU
		{9DAD3A15-B5A5-4512-80FC-BE8DF6960AA4}.Debug|x64.Build.0 = Debug|Any CPU
		{9DAD3A15-B5A5-4512-80FC-BE8DF6960AA4}.Debug|x86.ActiveCfg = Debug|Any CPU
		{9DAD3A15-B5A5-4512-80FC-BE8DF6960AA4}.Debug|x86.Build.0 = Debug|Any CPU
		{9DAD3A15-B5A5-4512-80FC-BE8DF6960AA4}.Release|Any CPU.ActiveCfg = Release|Any CPU
		{9DAD3A15-B5A5-4512-80FC-BE8DF6960AA4}.Release|Any CPU.Build.0 = Release|Any CPU
		{9DAD3A15-B5A5-4512-80FC-BE8DF6960AA4}.Release|x64.ActiveCfg = Release|Any CPU
		{9DAD3A15-B5A5-4512-80FC-BE8DF6960AA4}.Release|x64.Build.0 = Release|Any CPU
		{9DAD3A15-B5A5-4512-80FC-BE8DF6960AA4}.Release|x86.ActiveCfg = Release|Any CPU
		{9DAD3A15-B5A5-4512-80FC-BE8DF6960AA4}.Release|x86.Build.0 = Release|Any CPU
		{C8BA02CA-5AD9-432E-BA23-A65BFE4310C1}.Debug|Any CPU.ActiveCfg = Debug|Any CPU
		{C8BA02CA-5AD9-432E-BA23-A65BFE4310C1}.Debug|Any CPU.Build.0 = Debug|Any CPU
		{C8BA02CA-5AD9-432E-BA23-A65BFE4310C1}.Debug|x64.ActiveCfg = Debug|Any CPU
		{C8BA02CA-5AD9-432E-BA23-A65BFE4310C1}.Debug|x64.Build.0 = Debug|Any CPU
		{C8BA02CA-5AD9-432E-BA23-A65BFE4310C1}.Debug|x86.ActiveCfg = Debug|Any CPU
		{C8BA02CA-5AD9-432E-BA23-A65BFE4310C1}.Debug|x86.Build.0 = Debug|Any CPU
		{C8BA02CA-5AD9-432E-BA23-A65BFE4310C1}.Release|Any CPU.ActiveCfg = Release|Any CPU
		{C8BA02CA-5AD9-432E-BA23-A65BFE4310C1}.Release|Any CPU.Build.0 = Release|Any CPU
		{C8BA02CA-5AD9-432E-BA23-A65BFE4310C1}.Release|x64.ActiveCfg = Release|Any CPU
		{C8BA02CA-5AD9-432E-BA23-A65BFE4310C1}.Release|x64.Build.0 = Release|Any CPU
		{C8BA02CA-5AD9-432E-BA23-A65BFE4310C1}.Release|x86.ActiveCfg = Release|Any CPU
		{C8BA02CA-5AD9-432E-BA23-A65BFE4310C1}.Release|x86.Build.0 = Release|Any CPU
	EndGlobalSection
	GlobalSection(SolutionProperties) = preSolution
		HideSolutionNode = FALSE
	EndGlobalSection
EndGlobal
