
Microsoft Visual Studio Solution File, Format Version 12.00
# Visual Studio Version 17
VisualStudioVersion = 17.0.31903.59
MinimumVisualStudioVersion = 10.0.40219.1
Project("{FAE04EC0-301F-11D3-BF4B-00C04F79EFBC}") = "PeopleApp", "PeopleApp\PeopleApp.csproj", "{13C8B68B-0B72-4DB5-8B5A-628367528D33}"
EndProject
Project("{FAE04EC0-301F-11D3-BF4B-00C04F79EFBC}") = "PacktLibrary", "PacktLibrary\PacktLibrary.csproj", "{E47ECBE7-44A8-4914-87C0-43100F59ACE0}"
EndProject
Global
	GlobalSection(SolutionConfigurationPlatforms) = preSolution
		Debug|Any CPU = Debug|Any CPU
		Debug|x64 = Debug|x64
		Debug|x86 = Debug|x86
		Release|Any CPU = Release|Any CPU
		Release|x64 = Release|x64
		Release|x86 = Release|x86
	EndGlobalSection
	GlobalSection(ProjectConfigurationPlatforms) = postSolution
		{13C8B68B-0B72-4DB5-8B5A-628367528D33}.Debug|Any CPU.ActiveCfg = Debug|Any CPU
		{13C8B68B-0B72-4DB5-8B5A-628367528D33}.Debug|Any CPU.Build.0 = Debug|Any CPU
		{13C8B68B-0B72-4DB5-8B5A-628367528D33}.Debug|x64.ActiveCfg = Debug|Any CPU
		{13C8B68B-0B72-4DB5-8B5A-628367528D33}.Debug|x64.Build.0 = Debug|Any CPU
		{13C8B68B-0B72-4DB5-8B5A-628367528D33}.Debug|x86.ActiveCfg = Debug|Any CPU
		{13C8B68B-0B72-4DB5-8B5A-628367528D33}.Debug|x86.Build.0 = Debug|Any CPU
		{13C8B68B-0B72-4DB5-8B5A-628367528D33}.Release|Any CPU.ActiveCfg = Release|Any CPU
		{13C8B68B-0B72-4DB5-8B5A-628367528D33}.Release|Any CPU.Build.0 = Release|Any CPU
		{13C8B68B-0B72-4DB5-8B5A-628367528D33}.Release|x64.ActiveCfg = Release|Any CPU
		{13C8B68B-0B72-4DB5-8B5A-628367528D33}.Release|x64.Build.0 = Release|Any CPU
		{13C8B68B-0B72-4DB5-8B5A-628367528D33}.Release|x86.ActiveCfg = Release|Any CPU
		{13C8B68B-0B72-4DB5-8B5A-628367528D33}.Release|x86.Build.0 = Release|Any CPU
		{E47ECBE7-44A8-4914-87C0-43100F59ACE0}.Debug|Any CPU.ActiveCfg = Debug|Any CPU
		{E47ECBE7-44A8-4914-87C0-43100F59ACE0}.Debug|Any CPU.Build.0 = Debug|Any CPU
		{E47ECBE7-44A8-4914-87C0-43100F59ACE0}.Debug|x64.ActiveCfg = Debug|Any CPU
		{E47ECBE7-44A8-4914-87C0-43100F59ACE0}.Debug|x64.Build.0 = Debug|Any CPU
		{E47ECBE7-44A8-4914-87C0-43100F59ACE0}.Debug|x86.ActiveCfg = Debug|Any CPU
		{E47ECBE7-44A8-4914-87C0-43100F59ACE0}.Debug|x86.Build.0 = Debug|Any CPU
		{E47ECBE7-44A8-4914-87C0-43100F59ACE0}.Release|Any CPU.ActiveCfg = Release|Any CPU
		{E47ECBE7-44A8-4914-87C0-43100F59ACE0}.Release|Any CPU.Build.0 = Release|Any CPU
		{E47ECBE7-44A8-4914-87C0-43100F59ACE0}.Release|x64.ActiveCfg = Release|Any CPU
		{E47ECBE7-44A8-4914-87C0-43100F59ACE0}.Release|x64.Build.0 = Release|Any CPU
		{E47ECBE7-44A8-4914-87C0-43100F59ACE0}.Release|x86.ActiveCfg = Release|Any CPU
		{E47ECBE7-44A8-4914-87C0-43100F59ACE0}.Release|x86.Build.0 = Release|Any CPU
	EndGlobalSection
	GlobalSection(SolutionProperties) = preSolution
		HideSolutionNode = FALSE
	EndGlobalSection
EndGlobal
