
Microsoft Visual Studio Solution File, Format Version 12.00
# Visual Studio Version 17
VisualStudioVersion = 17.13.35931.197
MinimumVisualStudioVersion = 10.0.40219.1
Project("{FAE04EC0-301F-11D3-BF4B-00C04F79EFBC}") = "HelloCS", "HelloCS\HelloCS.csproj", "{4F198DF5-EEBB-4A31-86A5-BB16CCF96CB6}"
EndProject
Project("{FAE04EC0-301F-11D3-BF4B-00C04F79EFBC}") = "AboutMyEnvironment", "AboutMyEnvironment\AboutMyEnvironment.csproj", "{AFE502F0-DEDB-4691-B66C-E9AB1DD5D049}"
EndProject
Global
	GlobalSection(SolutionConfigurationPlatforms) = preSolution
		Debug|Any CPU = Debug|Any CPU
		Release|Any CPU = Release|Any CPU
	EndGlobalSection
	GlobalSection(ProjectConfigurationPlatforms) = postSolution
		{4F198DF5-EEBB-4A31-86A5-BB16CCF96CB6}.Debug|Any CPU.ActiveCfg = Debug|Any CPU
		{4F198DF5-EEBB-4A31-86A5-BB16CCF96CB6}.Debug|Any CPU.Build.0 = Debug|Any CPU
		{4F198DF5-EEBB-4A31-86A5-BB16CCF96CB6}.Release|Any CPU.ActiveCfg = Release|Any CPU
		{4F198DF5-EEBB-4A31-86A5-BB16CCF96CB6}.Release|Any CPU.Build.0 = Release|Any CPU
		{AFE502F0-DEDB-4691-B66C-E9AB1DD5D049}.Debug|Any CPU.ActiveCfg = Debug|Any CPU
		{AFE502F0-DEDB-4691-B66C-E9AB1DD5D049}.Debug|Any CPU.Build.0 = Debug|Any CPU
		{AFE502F0-DEDB-4691-B66C-E9AB1DD5D049}.Release|Any CPU.ActiveCfg = Release|Any CPU
		{AFE502F0-DEDB-4691-B66C-E9AB1DD5D049}.Release|Any CPU.Build.0 = Release|Any CPU
	EndGlobalSection
	GlobalSection(SolutionProperties) = preSolution
		HideSolutionNode = FALSE
	EndGlobalSection
	GlobalSection(ExtensibilityGlobals) = postSolution
		SolutionGuid = {FBAF4F8C-FF94-47C5-849B-E0F01D53603C}
	EndGlobalSection
EndGlobal
