
Microsoft Visual Studio Solution File, Format Version 12.00
# Visual Studio Version 17
VisualStudioVersion = 17.0.31903.59
MinimumVisualStudioVersion = 10.0.40219.1
Project("{FAE04EC0-301F-11D3-BF4B-00C04F79EFBC}") = "Northwind.EntityModels.Sqlite", "Northwind.EntityModels.Sqlite\Northwind.EntityModels.Sqlite.csproj", "{E0C53BBB-89B8-409C-9D49-ACD07B201D9E}"
EndProject
Project("{FAE04EC0-301F-11D3-BF4B-00C04F79EFBC}") = "Northwind.DataContext.Sqlite", "Northwind.DataContext.Sqlite\Northwind.DataContext.Sqlite.csproj", "{1239E4E1-4BED-43BF-8E8B-DC21770EDCCA}"
EndProject
Project("{FAE04EC0-301F-11D3-BF4B-00C04F79EFBC}") = "Northwind.UnitTests", "Northwind.UnitTests\Northwind.UnitTests.csproj", "{60BAFE1B-113C-477D-A66C-F21DD6698D60}"
EndProject
Global
	GlobalSection(SolutionConfigurationPlatforms) = preSolution
		Debug|Any CPU = Debug|Any CPU
		Debug|x64 = Debug|x64
		Debug|x86 = Debug|x86
		Release|Any CPU = Release|Any CPU
		Release|x64 = Release|x64
		Release|x86 = Release|x86
	EndGlobalSection
	GlobalSection(ProjectConfigurationPlatforms) = postSolution
		{E0C53BBB-89B8-409C-9D49-ACD07B201D9E}.Debug|Any CPU.ActiveCfg = Debug|Any CPU
		{E0C53BBB-89B8-409C-9D49-ACD07B201D9E}.Debug|Any CPU.Build.0 = Debug|Any CPU
		{E0C53BBB-89B8-409C-9D49-ACD07B201D9E}.Debug|x64.ActiveCfg = Debug|Any CPU
		{E0C53BBB-89B8-409C-9D49-ACD07B201D9E}.Debug|x64.Build.0 = Debug|Any CPU
		{E0C53BBB-89B8-409C-9D49-ACD07B201D9E}.Debug|x86.ActiveCfg = Debug|Any CPU
		{E0C53BBB-89B8-409C-9D49-ACD07B201D9E}.Debug|x86.Build.0 = Debug|Any CPU
		{E0C53BBB-89B8-409C-9D49-ACD07B201D9E}.Release|Any CPU.ActiveCfg = Release|Any CPU
		{E0C53BBB-89B8-409C-9D49-ACD07B201D9E}.Release|Any CPU.Build.0 = Release|Any CPU
		{E0C53BBB-89B8-409C-9D49-ACD07B201D9E}.Release|x64.ActiveCfg = Release|Any CPU
		{E0C53BBB-89B8-409C-9D49-ACD07B201D9E}.Release|x64.Build.0 = Release|Any CPU
		{E0C53BBB-89B8-409C-9D49-ACD07B201D9E}.Release|x86.ActiveCfg = Release|Any CPU
		{E0C53BBB-89B8-409C-9D49-ACD07B201D9E}.Release|x86.Build.0 = Release|Any CPU
		{1239E4E1-4BED-43BF-8E8B-DC21770EDCCA}.Debug|Any CPU.ActiveCfg = Debug|Any CPU
		{1239E4E1-4BED-43BF-8E8B-DC21770EDCCA}.Debug|Any CPU.Build.0 = Debug|Any CPU
		{1239E4E1-4BED-43BF-8E8B-DC21770EDCCA}.Debug|x64.ActiveCfg = Debug|Any CPU
		{1239E4E1-4BED-43BF-8E8B-DC21770EDCCA}.Debug|x64.Build.0 = Debug|Any CPU
		{1239E4E1-4BED-43BF-8E8B-DC21770EDCCA}.Debug|x86.ActiveCfg = Debug|Any CPU
		{1239E4E1-4BED-43BF-8E8B-DC21770EDCCA}.Debug|x86.Build.0 = Debug|Any CPU
		{1239E4E1-4BED-43BF-8E8B-DC21770EDCCA}.Release|Any CPU.ActiveCfg = Release|Any CPU
		{1239E4E1-4BED-43BF-8E8B-DC21770EDCCA}.Release|Any CPU.Build.0 = Release|Any CPU
		{1239E4E1-4BED-43BF-8E8B-DC21770EDCCA}.Release|x64.ActiveCfg = Release|Any CPU
		{1239E4E1-4BED-43BF-8E8B-DC21770EDCCA}.Release|x64.Build.0 = Release|Any CPU
		{1239E4E1-4BED-43BF-8E8B-DC21770EDCCA}.Release|x86.ActiveCfg = Release|Any CPU
		{1239E4E1-4BED-43BF-8E8B-DC21770EDCCA}.Release|x86.Build.0 = Release|Any CPU
		{60BAFE1B-113C-477D-A66C-F21DD6698D60}.Debug|Any CPU.ActiveCfg = Debug|Any CPU
		{60BAFE1B-113C-477D-A66C-F21DD6698D60}.Debug|Any CPU.Build.0 = Debug|Any CPU
		{60BAFE1B-113C-477D-A66C-F21DD6698D60}.Debug|x64.ActiveCfg = Debug|Any CPU
		{60BAFE1B-113C-477D-A66C-F21DD6698D60}.Debug|x64.Build.0 = Debug|Any CPU
		{60BAFE1B-113C-477D-A66C-F21DD6698D60}.Debug|x86.ActiveCfg = Debug|Any CPU
		{60BAFE1B-113C-477D-A66C-F21DD6698D60}.Debug|x86.Build.0 = Debug|Any CPU
		{60BAFE1B-113C-477D-A66C-F21DD6698D60}.Release|Any CPU.ActiveCfg = Release|Any CPU
		{60BAFE1B-113C-477D-A66C-F21DD6698D60}.Release|Any CPU.Build.0 = Release|Any CPU
		{60BAFE1B-113C-477D-A66C-F21DD6698D60}.Release|x64.ActiveCfg = Release|Any CPU
		{60BAFE1B-113C-477D-A66C-F21DD6698D60}.Release|x64.Build.0 = Release|Any CPU
		{60BAFE1B-113C-477D-A66C-F21DD6698D60}.Release|x86.ActiveCfg = Release|Any CPU
		{60BAFE1B-113C-477D-A66C-F21DD6698D60}.Release|x86.Build.0 = Release|Any CPU
	EndGlobalSection
	GlobalSection(SolutionProperties) = preSolution
		HideSolutionNode = FALSE
	EndGlobalSection
EndGlobal
